
Microsoft Visual Studio Solution File, Format Version 12.00
# Visual Studio Version 17
VisualStudioVersion = 17.0.31903.59
MinimumVisualStudioVersion = 10.0.40219.1
Project("{FAE04EC0-301F-11D3-BF4B-00C04F79EFBC}") = "TeamAttendance", "TeamAttendance\TeamAttendance.csproj", "{13CB6659-5DAE-4F55-B7C0-6373D7D1FBDD}"
EndProject
Project("{FAE04EC0-301F-11D3-BF4B-00C04F79EFBC}") = "TeamAttendance.Tests", "TeamAttendance.Tests\TeamAttendance.Tests.csproj", "{7DD8503C-000B-4278-BD20-5E33B868ADC9}"
EndProject
Global
	GlobalSection(SolutionConfigurationPlatforms) = preSolution
		Debug|Any CPU = Debug|Any CPU
		Release|Any CPU = Release|Any CPU
	EndGlobalSection
	GlobalSection(SolutionProperties) = preSolution
		HideSolutionNode = FALSE
	EndGlobalSection
	GlobalSection(ProjectConfigurationPlatforms) = postSolution
		{13CB6659-5DAE-4F55-B7C0-6373D7D1FBDD}.Debug|Any CPU.ActiveCfg = Debug|Any CPU
		{13CB6659-5DAE-4F55-B7C0-6373D7D1FBDD}.Debug|Any CPU.Build.0 = Debug|Any CPU
		{13CB6659-5DAE-4F55-B7C0-6373D7D1FBDD}.Release|Any CPU.ActiveCfg = Release|Any CPU
		{13CB6659-5DAE-4F55-B7C0-6373D7D1FBDD}.Release|Any CPU.Build.0 = Release|Any CPU
		{7DD8503C-000B-4278-BD20-5E33B868ADC9}.Debug|Any CPU.ActiveCfg = Debug|Any CPU
		{7DD8503C-000B-4278-BD20-5E33B868ADC9}.Debug|Any CPU.Build.0 = Debug|Any CPU
		{7DD8503C-000B-4278-BD20-5E33B868ADC9}.Release|Any CPU.ActiveCfg = Release|Any CPU
		{7DD8503C-000B-4278-BD20-5E33B868ADC9}.Release|Any CPU.Build.0 = Release|Any CPU
	EndGlobalSection
EndGlobal
